// !$*UTF8*$!
{
	archiveVersion = 1;
	classes = {
	};
	objectVersion = 46;
	objects = {

/* Begin PBXBuildFile section */
		5807AE541CE508D9005939EF /* AppDelegate.swift in Sources */ = {isa = PBXBuildFile; fileRef = 5807AE531CE508D9005939EF /* AppDelegate.swift */; };
		5807AE561CE508D9005939EF /* ViewController.swift in Sources */ = {isa = PBXBuildFile; fileRef = 5807AE551CE508D9005939EF /* ViewController.swift */; };
		5807AE591CE508D9005939EF /* Main.storyboard in Resources */ = {isa = PBXBuildFile; fileRef = 5807AE571CE508D9005939EF /* Main.storyboard */; };
		5807AE5B1CE508D9005939EF /* Assets.xcassets in Resources */ = {isa = PBXBuildFile; fileRef = 5807AE5A1CE508D9005939EF /* Assets.xcassets */; };
		5807AE5E1CE508D9005939EF /* LaunchScreen.storyboard in Resources */ = {isa = PBXBuildFile; fileRef = 5807AE5C1CE508D9005939EF /* LaunchScreen.storyboard */; };
		5807AE691CE508D9005939EF /* ModalTest3Tests.swift in Sources */ = {isa = PBXBuildFile; fileRef = 5807AE681CE508D9005939EF /* ModalTest3Tests.swift */; };
/* End PBXBuildFile section */

/* Begin PBXContainerItemProxy section */
		5807AE651CE508D9005939EF /* PBXContainerItemProxy */ = {
			isa = PBXContainerItemProxy;
			containerPortal = 5807AE481CE508D9005939EF /* Project object */;
			proxyType = 1;
			remoteGlobalIDString = 5807AE4F1CE508D9005939EF;
			remoteInfo = ModalTest3;
		};
/* End PBXContainerItemProxy section */

/* Begin PBXFileReference section */
		5807AE501CE508D9005939EF /* ModalTest3.app */ = {isa = PBXFileReference; explicitFileType = wrapper.application; includeInIndex = 0; path = ModalTest3.app; sourceTree = BUILT_PRODUCTS_DIR; };
		5807AE531CE508D9005939EF /* AppDelegate.swift */ = {isa = PBXFileReference; lastKnownFileType = sourcecode.swift; path = AppDelegate.swift; sourceTree = "<group>"; };
		5807AE551CE508D9005939EF /* ViewController.swift */ = {isa = PBXFileReference; lastKnownFileType = sourcecode.swift; path = ViewController.swift; sourceTree = "<group>"; };
		5807AE581CE508D9005939EF /* Base */ = {isa = PBXFileReference; lastKnownFileType = file.storyboard; name = Base; path = Base.lproj/Main.storyboard; sourceTree = "<group>"; };
		5807AE5A1CE508D9005939EF /* Assets.xcassets */ = {isa = PBXFileReference; lastKnownFileType = folder.assetcatalog; path = Assets.xcassets; sourceTree = "<group>"; };
		5807AE5D1CE508D9005939EF /* Base */ = {isa = PBXFileReference; lastKnownFileType = file.storyboard; name = Base; path = Base.lproj/LaunchScreen.storyboard; sourceTree = "<group>"; };
		5807AE5F1CE508D9005939EF /* Info.plist */ = {isa = PBXFileReference; lastKnownFileType = text.plist.xml; path = Info.plist; sourceTree = "<group>"; };
		5807AE641CE508D9005939EF /* ModalTest3Tests.xctest */ = {isa = PBXFileReference; explicitFileType = wrapper.cfbundle; includeInIndex = 0; path = ModalTest3Tests.xctest; sourceTree = BUILT_PRODUCTS_DIR; };
		5807AE681CE508D9005939EF /* ModalTest3Tests.swift */ = {isa = PBXFileReference; lastKnownFileType = sourcecode.swift; path = ModalTest3Tests.swift; sourceTree = "<group>"; };
		5807AE6A1CE508D9005939EF /* Info.plist */ = {isa = PBXFileReference; lastKnownFileType = text.plist.xml; path = Info.plist; sourceTree = "<group>"; };
/* End PBXFileReference section */

/* Begin PBXFrameworksBuildPhase section */
		5807AE4D1CE508D9005939EF /* Frameworks */ = {
			isa = PBXFrameworksBuildPhase;
			buildActionMask = 2147483647;
			files = (
			);
			runOnlyForDeploymentPostprocessing = 0;
		};
		5807AE611CE508D9005939EF /* Frameworks */ = {
			isa = PBXFrameworksBuildPhase;
			buildActionMask = 2147483647;
			files = (
			);
			runOnlyForDeploymentPostprocessing = 0;
		};
/* End PBXFrameworksBuildPhase section */

/* Begin PBXGroup section */
		5807AE471CE508D9005939EF = {
			isa = PBXGroup;
			children = (
				5807AE521CE508D9005939EF /* ModalTest3 */,
				5807AE671CE508D9005939EF /* ModalTest3Tests */,
				5807AE511CE508D9005939EF /* Products */,
			);
			sourceTree = "<group>";
		};
		5807AE511CE508D9005939EF /* Products */ = {
			isa = PBXGroup;
			children = (
				5807AE501CE508D9005939EF /* ModalTest3.app */,
				5807AE641CE508D9005939EF /* ModalTest3Tests.xctest */,
			);
			name = Products;
			sourceTree = "<group>";
		};
		5807AE521CE508D9005939EF /* ModalTest3 */ = {
			isa = PBXGroup;
			children = (
				5807AE531CE508D9005939EF /* AppDelegate.swift */,
				5807AE551CE508D9005939EF /* ViewController.swift */,
				5807AE571CE508D9005939EF /* Main.storyboard */,
				5807AE5A1CE508D9005939EF /* Assets.xcassets */,
				5807AE5C1CE508D9005939EF /* LaunchScreen.storyboard */,
				5807AE5F1CE508D9005939EF /* Info.plist */,
			);
			path = ModalTest3;
			sourceTree = "<group>";
		};
		5807AE671CE508D9005939EF /* ModalTest3Tests */ = {
			isa = PBXGroup;
			children = (
				5807AE681CE508D9005939EF /* ModalTest3Tests.swift */,
				5807AE6A1CE508D9005939EF /* Info.plist */,
			);
			path = ModalTest3Tests;
			sourceTree = "<group>";
		};
/* End PBXGroup section */

/* Begin PBXNativeTarget section */
		5807AE4F1CE508D9005939EF /* ModalTest3 */ = {
			isa = PBXNativeTarget;
			buildConfigurationList = 5807AE6D1CE508D9005939EF /* Build configuration list for PBXNativeTarget "ModalTest3" */;
			buildPhases = (
				5807AE4C1CE508D9005939EF /* Sources */,
				5807AE4D1CE508D9005939EF /* Frameworks */,
				5807AE4E1CE508D9005939EF /* Resources */,
			);
			buildRules = (
			);
			dependencies = (
			);
			name = ModalTest3;
			productName = ModalTest3;
			productReference = 5807AE501CE508D9005939EF /* ModalTest3.app */;
			productType = "com.apple.product-type.application";
		};
		5807AE631CE508D9005939EF /* ModalTest3Tests */ = {
			isa = PBXNativeTarget;
			buildConfigurationList = 5807AE701CE508D9005939EF /* Build configuration list for PBXNativeTarget "ModalTest3Tests" */;
			buildPhases = (
				5807AE601CE508D9005939EF /* Sources */,
				5807AE611CE508D9005939EF /* Frameworks */,
				5807AE621CE508D9005939EF /* Resources */,
			);
			buildRules = (
			);
			dependencies = (
				5807AE661CE508D9005939EF /* PBXTargetDependency */,
			);
			name = ModalTest3Tests;
			productName = ModalTest3Tests;
			productReference = 5807AE641CE508D9005939EF /* ModalTest3Tests.xctest */;
			productType = "com.apple.product-type.bundle.unit-test";
		};
/* End PBXNativeTarget section */

/* Begin PBXProject section */
		5807AE481CE508D9005939EF /* Project object */ = {
			isa = PBXProject;
			attributes = {
				LastSwiftUpdateCheck = 0730;
				LastUpgradeCheck = 0730;
				ORGANIZATIONNAME = "AV-ZhangJ";
				TargetAttributes = {
					5807AE4F1CE508D9005939EF = {
						CreatedOnToolsVersion = 7.3;
					};
					5807AE631CE508D9005939EF = {
						CreatedOnToolsVersion = 7.3;
						TestTargetID = 5807AE4F1CE508D9005939EF;
					};
				};
			};
			buildConfigurationList = 5807AE4B1CE508D9005939EF /* Build configuration list for PBXProject "ModalTest3" */;
			compatibilityVersion = "Xcode 3.2";
			developmentRegion = English;
			hasScannedForEncodings = 0;
			knownRegions = (
				en,
				Base,
			);
			mainGroup = 5807AE471CE508D9005939EF;
			productRefGroup = 5807AE511CE508D9005939EF /* Products */;
			projectDirPath = "";
			projectRoot = "";
			targets = (
				5807AE4F1CE508D9005939EF /* ModalTest3 */,
				5807AE631CE508D9005939EF /* ModalTest3Tests */,
			);
		};
/* End PBXProject section */

/* Begin PBXResourcesBuildPhase section */
		5807AE4E1CE508D9005939EF /* Resources */ = {
			isa = PBXResourcesBuildPhase;
			buildActionMask = 2147483647;
			files = (
				5807AE5E1CE508D9005939EF /* LaunchScreen.storyboard in Resources */,
				5807AE5B1CE508D9005939EF /* Assets.xcassets in Resources */,
				5807AE591CE508D9005939EF /* Main.storyboard in Resources */,
			);
			runOnlyForDeploymentPostprocessing = 0;
		};
		5807AE621CE508D9005939EF /* Resources */ = {
			isa = PBXResourcesBuildPhase;
			buildActionMask = 2147483647;
			files = (
			);
			runOnlyForDeploymentPostprocessing = 0;
		};
/* End PBXResourcesBuildPhase section */

/* Begin PBXSourcesBuildPhase section */
		5807AE4C1CE508D9005939EF /* Sources */ = {
			isa = PBXSourcesBuildPhase;
			buildActionMask = 2147483647;
			files = (
				5807AE561CE508D9005939EF /* ViewController.swift in Sources */,
				5807AE541CE508D9005939EF /* AppDelegate.swift in Sources */,
			);
			runOnlyForDeploymentPostprocessing = 0;
		};
		5807AE601CE508D9005939EF /* Sources */ = {
			isa = PBXSourcesBuildPhase;
			buildActionMask = 2147483647;
			files = (
				5807AE691CE508D9005939EF /* ModalTest3Tests.swift in Sources */,
			);
			runOnlyForDeploymentPostprocessing = 0;
		};
/* End PBXSourcesBuildPhase section */

/* Begin PBXTargetDependency section */
		5807AE661CE508D9005939EF /* PBXTargetDependency */ = {
			isa = PBXTargetDependency;
			target = 5807AE4F1CE508D9005939EF /* ModalTest3 */;
			targetProxy = 5807AE651CE508D9005939EF /* PBXContainerItemProxy */;
		};
/* End PBXTargetDependency section */

/* Begin PBXVariantGroup section */
		5807AE571CE508D9005939EF /* Main.storyboard */ = {
			isa = PBXVariantGroup;
			children = (
				5807AE581CE508D9005939EF /* Base */,
			);
			name = Main.storyboard;
			sourceTree = "<group>";
		};
		5807AE5C1CE508D9005939EF /* LaunchScreen.storyboard */ = {
			isa = PBXVariantGroup;
			children = (
				5807AE5D1CE508D9005939EF /* Base */,
			);
			name = LaunchScreen.storyboard;
			sourceTree = "<group>";
		};
/* End PBXVariantGroup section */

/* Begin XCBuildConfiguration section */
		5807AE6B1CE508D9005939EF /* Debug */ = {
			isa = XCBuildConfiguration;
			buildSettings = {
				ALWAYS_SEARCH_USER_PATHS = NO;
				CLANG_ANALYZER_NONNULL = YES;
				CLANG_CXX_LANGUAGE_STANDARD = "gnu++0x";
				CLANG_CXX_LIBRARY = "libc++";
				CLANG_ENABLE_MODULES = YES;
				CLANG_ENABLE_OBJC_ARC = YES;
				CLANG_WARN_BOOL_CONVERSION = YES;
				CLANG_WARN_CONSTANT_CONVERSION = YES;
				CLANG_WARN_DIRECT_OBJC_ISA_USAGE = YES_ERROR;
				CLANG_WARN_EMPTY_BODY = YES;
				CLANG_WARN_ENUM_CONVERSION = YES;
				CLANG_WARN_INT_CONVERSION = YES;
				CLANG_WARN_OBJC_ROOT_CLASS = YES_ERROR;
				CLANG_WARN_UNREACHABLE_CODE = YES;
				CLANG_WARN__DUPLICATE_METHOD_MATCH = YES;
				"CODE_SIGN_IDENTITY[sdk=iphoneos*]" = "iPhone Developer";
				COPY_PHASE_STRIP = NO;
				DEBUG_INFORMATION_FORMAT = dwarf;
				ENABLE_STRICT_OBJC_MSGSEND = YES;
				ENABLE_TESTABILITY = YES;
				GCC_C_LANGUAGE_STANDARD = gnu99;
				GCC_DYNAMIC_NO_PIC = NO;
				GCC_NO_COMMON_BLOCKS = YES;
				GCC_OPTIMIZATION_LEVEL = 0;
				GCC_PREPROCESSOR_DEFINITIONS = (
					"DEBUG=1",
					"$(inherited)",
				);
				GCC_WARN_64_TO_32_BIT_CONVERSION = YES;
				GCC_WARN_ABOUT_RETURN_TYPE = YES_ERROR;
				GCC_WARN_UNDECLARED_SELECTOR = YES;
				GCC_WARN_UNINITIALIZED_AUTOS = YES_AGGRESSIVE;
				GCC_WARN_UNUSED_FUNCTION = YES;
				GCC_WARN_UNUSED_VARIABLE = YES;
				IPHONEOS_DEPLOYMENT_TARGET = 9.3;
				MTL_ENABLE_DEBUG_INFO = YES;
				ONLY_ACTIVE_ARCH = YES;
				SDKROOT = iphoneos;
				SWIFT_OPTIMIZATION_LEVEL = "-Onone";
				TARGETED_DEVICE_FAMILY = "1,2";
			};
			name = Debug;
		};
		5807AE6C1CE508D9005939EF /* Release */ = {
			isa = XCBuildConfiguration;
			buildSettings = {
				ALWAYS_SEARCH_USER_PATHS = NO;
				CLANG_ANALYZER_NONNULL = YES;
				CLANG_CXX_LANGUAGE_STANDARD = "gnu++0x";
				CLANG_CXX_LIBRARY = "libc++";
				CLANG_ENABLE_MODULES = YES;
				CLANG_ENABLE_OBJC_ARC = YES;
				CLANG_WARN_BOOL_CONVERSION = YES;
				CLANG_WARN_CONSTANT_CONVERSION = YES;
				CLANG_WARN_DIRECT_OBJC_ISA_USAGE = YES_ERROR;
				CLANG_WARN_EMPTY_BODY = YES;
				CLANG_WARN_ENUM_CONVERSION = YES;
				CLANG_WARN_INT_CONVERSION = YES;
				CLANG_WARN_OBJC_ROOT_CLASS = YES_ERROR;
				CLANG_WARN_UNREACHABLE_CODE = YES;
				CLANG_WARN__DUPLICATE_METHOD_MATCH = YES;
				"CODE_SIGN_IDENTITY[sdk=iphoneos*]" = "iPhone Developer";
				COPY_PHASE_STRIP = NO;
				DEBUG_INFORMATION_FORMAT = "dwarf-with-dsym";
				ENABLE_NS_ASSERTIONS = NO;
				ENABLE_STRICT_OBJC_MSGSEND = YES;
				GCC_C_LANGUAGE_STANDARD = gnu99;
				GCC_NO_COMMON_BLOCKS = YES;
				GCC_WARN_64_TO_32_BIT_CONVERSION = YES;
				GCC_WARN_ABOUT_RETURN_TYPE = YES_ERROR;
				GCC_WARN_UNDECLARED_SELECTOR = YES;
				GCC_WARN_UNINITIALIZED_AUTOS = YES_AGGRESSIVE;
				GCC_WARN_UNUSED_FUNCTION = YES;
				GCC_WARN_UNUSED_VARIABLE = YES;
				IPHONEOS_DEPLOYMENT_TARGET = 9.3;
				MTL_ENABLE_DEBUG_INFO = NO;
				SDKROOT = iphoneos;
				TARGETED_DEVICE_FAMILY = "1,2";
				VALIDATE_PRODUCT = YES;
			};
			name = Release;
		};
		5807AE6E1CE508D9005939EF /* Debug */ = {
			isa = XCBuildConfiguration;
			buildSettings = {
				ASSETCATALOG_COMPILER_APPICON_NAME = AppIcon;
				INFOPLIST_FILE = ModalTest3/Info.plist;
				LD_RUNPATH_SEARCH_PATHS = "$(inherited) @executable_path/Frameworks";
				PRODUCT_BUNDLE_IDENTIFIER = com.example.ModalTest3;
				PRODUCT_NAME = "$(TARGET_NAME)";
			};
			name = Debug;
		};
		5807AE6F1CE508D9005939EF /* Release */ = {
			isa = XCBuildConfiguration;
			buildSettings = {
				ASSETCATALOG_COMPILER_APPICON_NAME = AppIcon;
				INFOPLIST_FILE = ModalTest3/Info.plist;
				LD_RUNPATH_SEARCH_PATHS = "$(inherited) @executable_path/Frameworks";
				PRODUCT_BUNDLE_IDENTIFIER = com.example.ModalTest3;
				PRODUCT_NAME = "$(TARGET_NAME)";
			};
			name = Release;
		};
		5807AE711CE508D9005939EF /* Debug */ = {
			isa = XCBuildConfiguration;
			buildSettings = {
				BUNDLE_LOADER = "$(TEST_HOST)";
				INFOPLIST_FILE = ModalTest3Tests/Info.plist;
				LD_RUNPATH_SEARCH_PATHS = "$(inherited) @executable_path/Frameworks @loader_path/Frameworks";
				PRODUCT_BUNDLE_IDENTIFIER = com.example.ModalTest3Tests;
				PRODUCT_NAME = "$(TARGET_NAME)";
				TEST_HOST = "$(BUILT_PRODUCTS_DIR)/ModalTest3.app/ModalTest3";
			};
			name = Debug;
		};
		5807AE721CE508D9005939EF /* Release */ = {
			isa = XCBuildConfiguration;
			buildSettings = {
				BUNDLE_LOADER = "$(TEST_HOST)";
				INFOPLIST_FILE = ModalTest3Tests/Info.plist;
				LD_RUNPATH_SEARCH_PATHS = "$(inherited) @executable_path/Frameworks @loader_path/Frameworks";
				PRODUCT_BUNDLE_IDENTIFIER = com.example.ModalTest3Tests;
				PRODUCT_NAME = "$(TARGET_NAME)";
				TEST_HOST = "$(BUILT_PRODUCTS_DIR)/ModalTest3.app/ModalTest3";
			};
			name = Release;
		};
/* End XCBuildConfiguration section */

/* Begin XCConfigurationList section */
		5807AE4B1CE508D9005939EF /* Build configuration list for PBXProject "ModalTest3" */ = {
			isa = XCConfigurationList;
			buildConfigurations = (
				5807AE6B1CE508D9005939EF /* Debug */,
				5807AE6C1CE508D9005939EF /* Release */,
			);
			defaultConfigurationIsVisible = 0;
			defaultConfigurationName = Release;
		};
		5807AE6D1CE508D9005939EF /* Build configuration list for PBXNativeTarget "ModalTest3" */ = {
			isa = XCConfigurationList;
			buildConfigurations = (
				5807AE6E1CE508D9005939EF /* Debug */,
				5807AE6F1CE508D9005939EF /* Release */,
			);
			defaultConfigurationIsVisible = 0;
		};
		5807AE701CE508D9005939EF /* Build configuration list for PBXNativeTarget "ModalTest3Tests" */ = {
			isa = XCConfigurationList;
			buildConfigurations = (
				5807AE711CE508D9005939EF /* Debug */,
				5807AE721CE508D9005939EF /* Release */,
			);
			defaultConfigurationIsVisible = 0;
		};
/* End XCConfigurationList section */
	};
	rootObject = 5807AE481CE508D9005939EF /* Project object */;
}
